// !$*UTF8*$!
{
	archiveVersion = 1;
	classes = {
	};
	objectVersion = 46;
	objects = {

/* Begin PBXBuildFile section */
		CE1F008819D5C5A000B98BF8 /* AppDelegate.swift in Sources */ = {isa = PBXBuildFile; fileRef = CE1F008719D5C5A000B98BF8 /* AppDelegate.swift */; };
		CE1F008A19D5C5A000B98BF8 /* ViewController.swift in Sources */ = {isa = PBXBuildFile; fileRef = CE1F008919D5C5A000B98BF8 /* ViewController.swift */; };
		CE1F008D19D5C5A000B98BF8 /* Main.storyboard in Resources */ = {isa = PBXBuildFile; fileRef = CE1F008B19D5C5A000B98BF8 /* Main.storyboard */; };
		CE1F008F19D5C5A000B98BF8 /* Images.xcassets in Resources */ = {isa = PBXBuildFile; fileRef = CE1F008E19D5C5A000B98BF8 /* Images.xcassets */; };
		CE1F009219D5C5A000B98BF8 /* LaunchScreen.xib in Resources */ = {isa = PBXBuildFile; fileRef = CE1F009019D5C5A000B98BF8 /* LaunchScreen.xib */; };
		CE1F009E19D5C5A000B98BF8 /* PopsicleTests.swift in Sources */ = {isa = PBXBuildFile; fileRef = CE1F009D19D5C5A000B98BF8 /* PopsicleTests.swift */; };
		DB1B379A19D612AD00EC5ACF /* Regex.swift in Sources */ = {isa = PBXBuildFile; fileRef = DB1B379919D612AD00EC5ACF /* Regex.swift */; };
		DB1B37C919D62A1200EC5ACF /* HTMLParsingFramework.h in Headers */ = {isa = PBXBuildFile; fileRef = DB1B37C819D62A1200EC5ACF /* HTMLParsingFramework.h */; settings = {ATTRIBUTES = (Public, ); }; };
		DB1B37D519D62A1300EC5ACF /* HTMLParsingFrameworkTests.m in Sources */ = {isa = PBXBuildFile; fileRef = DB1B37D419D62A1300EC5ACF /* HTMLParsingFrameworkTests.m */; };
		DB1B37D819D62A1300EC5ACF /* HTMLParsingFramework.framework in Frameworks */ = {isa = PBXBuildFile; fileRef = DB1B37C419D62A1200EC5ACF /* HTMLParsingFramework.framework */; };
		DB1B37D919D62A1300EC5ACF /* HTMLParsingFramework.framework in Embed Frameworks */ = {isa = PBXBuildFile; fileRef = DB1B37C419D62A1200EC5ACF /* HTMLParsingFramework.framework */; settings = {ATTRIBUTES = (CodeSignOnCopy, RemoveHeadersOnCopy, ); }; };
		DB1B37EA19D62A1F00EC5ACF /* TFHpple.h in Headers */ = {isa = PBXBuildFile; fileRef = DB1B37E319D62A1F00EC5ACF /* TFHpple.h */; settings = {ATTRIBUTES = (Public, ); }; };
		DB1B37EB19D62A1F00EC5ACF /* TFHpple.m in Sources */ = {isa = PBXBuildFile; fileRef = DB1B37E419D62A1F00EC5ACF /* TFHpple.m */; };
		DB1B37EC19D62A1F00EC5ACF /* TFHppleElement.h in Headers */ = {isa = PBXBuildFile; fileRef = DB1B37E519D62A1F00EC5ACF /* TFHppleElement.h */; settings = {ATTRIBUTES = (Public, ); }; };
		DB1B37ED19D62A1F00EC5ACF /* TFHppleElement.m in Sources */ = {isa = PBXBuildFile; fileRef = DB1B37E619D62A1F00EC5ACF /* TFHppleElement.m */; };
		DB1B37EE19D62A1F00EC5ACF /* XPathQuery.h in Headers */ = {isa = PBXBuildFile; fileRef = DB1B37E719D62A1F00EC5ACF /* XPathQuery.h */; settings = {ATTRIBUTES = (Public, ); }; };
		DB1B37EF19D62A1F00EC5ACF /* XPathQuery.m in Sources */ = {isa = PBXBuildFile; fileRef = DB1B37E819D62A1F00EC5ACF /* XPathQuery.m */; };
		DB1B37F119D62A2900EC5ACF /* libxml2.dylib in Frameworks */ = {isa = PBXBuildFile; fileRef = DB1B37F019D62A2900EC5ACF /* libxml2.dylib */; };
		DB1B37F319D62A9900EC5ACF /* Foundation.framework in Frameworks */ = {isa = PBXBuildFile; fileRef = DB1B37F219D62A9900EC5ACF /* Foundation.framework */; };
		DB1B37FC19D742AB00EC5ACF /* HTMLParser.swift in Sources */ = {isa = PBXBuildFile; fileRef = DB1B37FB19D742AB00EC5ACF /* HTMLParser.swift */; };
		DB1B37FE19D742B500EC5ACF /* HTMLNode.swift in Sources */ = {isa = PBXBuildFile; fileRef = DB1B37FD19D742B500EC5ACF /* HTMLNode.swift */; };
/* End PBXBuildFile section */

/* Begin PBXContainerItemProxy section */
		CE1F009819D5C5A000B98BF8 /* PBXContainerItemProxy */ = {
			isa = PBXContainerItemProxy;
			containerPortal = CE1F007A19D5C5A000B98BF8 /* Project object */;
			proxyType = 1;
			remoteGlobalIDString = CE1F008119D5C5A000B98BF8;
			remoteInfo = Popsicle;
		};
		DB1B37CF19D62A1300EC5ACF /* PBXContainerItemProxy */ = {
			isa = PBXContainerItemProxy;
			containerPortal = CE1F007A19D5C5A000B98BF8 /* Project object */;
			proxyType = 1;
			remoteGlobalIDString = CE1F008119D5C5A000B98BF8;
			remoteInfo = Popsicle;
		};
		DB1B37D619D62A1300EC5ACF /* PBXContainerItemProxy */ = {
			isa = PBXContainerItemProxy;
			containerPortal = CE1F007A19D5C5A000B98BF8 /* Project object */;
			proxyType = 1;
			remoteGlobalIDString = DB1B37C319D62A1200EC5ACF;
			remoteInfo = HTMLParsingFramework;
		};
		DB1B37DA19D62A1300EC5ACF /* PBXContainerItemProxy */ = {
			isa = PBXContainerItemProxy;
			containerPortal = CE1F007A19D5C5A000B98BF8 /* Project object */;
			proxyType = 1;
			remoteGlobalIDString = DB1B37C319D62A1200EC5ACF;
			remoteInfo = HTMLParsingFramework;
		};
/* End PBXContainerItemProxy section */

/* Begin PBXCopyFilesBuildPhase section */
		DB1B37DF19D62A1300EC5ACF /* Embed Frameworks */ = {
			isa = PBXCopyFilesBuildPhase;
			buildActionMask = 2147483647;
			dstPath = "";
			dstSubfolderSpec = 10;
			files = (
				DB1B37D919D62A1300EC5ACF /* HTMLParsingFramework.framework in Embed Frameworks */,
			);
			name = "Embed Frameworks";
			runOnlyForDeploymentPostprocessing = 0;
		};
/* End PBXCopyFilesBuildPhase section */

/* Begin PBXFileReference section */
		CE1F008219D5C5A000B98BF8 /* Popsicle.app */ = {isa = PBXFileReference; explicitFileType = wrapper.application; includeInIndex = 0; path = Popsicle.app; sourceTree = BUILT_PRODUCTS_DIR; };
		CE1F008619D5C5A000B98BF8 /* Info.plist */ = {isa = PBXFileReference; lastKnownFileType = text.plist.xml; path = Info.plist; sourceTree = "<group>"; };
		CE1F008719D5C5A000B98BF8 /* AppDelegate.swift */ = {isa = PBXFileReference; lastKnownFileType = sourcecode.swift; path = AppDelegate.swift; sourceTree = "<group>"; };
		CE1F008919D5C5A000B98BF8 /* ViewController.swift */ = {isa = PBXFileReference; lastKnownFileType = sourcecode.swift; path = ViewController.swift; sourceTree = "<group>"; };
		CE1F008C19D5C5A000B98BF8 /* Base */ = {isa = PBXFileReference; lastKnownFileType = file.storyboard; name = Base; path = Base.lproj/Main.storyboard; sourceTree = "<group>"; };
		CE1F008E19D5C5A000B98BF8 /* Images.xcassets */ = {isa = PBXFileReference; lastKnownFileType = folder.assetcatalog; path = Images.xcassets; sourceTree = "<group>"; };
		CE1F009119D5C5A000B98BF8 /* Base */ = {isa = PBXFileReference; lastKnownFileType = file.xib; name = Base; path = Base.lproj/LaunchScreen.xib; sourceTree = "<group>"; };
		CE1F009719D5C5A000B98BF8 /* PopsicleTests.xctest */ = {isa = PBXFileReference; explicitFileType = wrapper.cfbundle; includeInIndex = 0; path = PopsicleTests.xctest; sourceTree = BUILT_PRODUCTS_DIR; };
		CE1F009C19D5C5A000B98BF8 /* Info.plist */ = {isa = PBXFileReference; lastKnownFileType = text.plist.xml; path = Info.plist; sourceTree = "<group>"; };
		CE1F009D19D5C5A000B98BF8 /* PopsicleTests.swift */ = {isa = PBXFileReference; lastKnownFileType = sourcecode.swift; path = PopsicleTests.swift; sourceTree = "<group>"; };
		DB1B379919D612AD00EC5ACF /* Regex.swift */ = {isa = PBXFileReference; fileEncoding = 4; lastKnownFileType = sourcecode.swift; path = Regex.swift; sourceTree = "<group>"; };
		DB1B37C419D62A1200EC5ACF /* HTMLParsingFramework.framework */ = {isa = PBXFileReference; explicitFileType = wrapper.framework; includeInIndex = 0; path = HTMLParsingFramework.framework; sourceTree = BUILT_PRODUCTS_DIR; };
		DB1B37C719D62A1200EC5ACF /* Info.plist */ = {isa = PBXFileReference; lastKnownFileType = text.plist.xml; path = Info.plist; sourceTree = "<group>"; };
		DB1B37C819D62A1200EC5ACF /* HTMLParsingFramework.h */ = {isa = PBXFileReference; lastKnownFileType = sourcecode.c.h; path = HTMLParsingFramework.h; sourceTree = "<group>"; };
		DB1B37CE19D62A1300EC5ACF /* HTMLParsingFrameworkTests.xctest */ = {isa = PBXFileReference; explicitFileType = wrapper.cfbundle; includeInIndex = 0; path = HTMLParsingFrameworkTests.xctest; sourceTree = BUILT_PRODUCTS_DIR; };
		DB1B37D319D62A1300EC5ACF /* Info.plist */ = {isa = PBXFileReference; lastKnownFileType = text.plist.xml; path = Info.plist; sourceTree = "<group>"; };
		DB1B37D419D62A1300EC5ACF /* HTMLParsingFrameworkTests.m */ = {isa = PBXFileReference; lastKnownFileType = sourcecode.c.objc; path = HTMLParsingFrameworkTests.m; sourceTree = "<group>"; };
		DB1B37E319D62A1F00EC5ACF /* TFHpple.h */ = {isa = PBXFileReference; fileEncoding = 4; lastKnownFileType = sourcecode.c.h; path = TFHpple.h; sourceTree = "<group>"; };
		DB1B37E419D62A1F00EC5ACF /* TFHpple.m */ = {isa = PBXFileReference; fileEncoding = 4; lastKnownFileType = sourcecode.c.objc; path = TFHpple.m; sourceTree = "<group>"; };
		DB1B37E519D62A1F00EC5ACF /* TFHppleElement.h */ = {isa = PBXFileReference; fileEncoding = 4; lastKnownFileType = sourcecode.c.h; path = TFHppleElement.h; sourceTree = "<group>"; };
		DB1B37E619D62A1F00EC5ACF /* TFHppleElement.m */ = {isa = PBXFileReference; fileEncoding = 4; lastKnownFileType = sourcecode.c.objc; path = TFHppleElement.m; sourceTree = "<group>"; };
		DB1B37E719D62A1F00EC5ACF /* XPathQuery.h */ = {isa = PBXFileReference; fileEncoding = 4; lastKnownFileType = sourcecode.c.h; path = XPathQuery.h; sourceTree = "<group>"; };
		DB1B37E819D62A1F00EC5ACF /* XPathQuery.m */ = {isa = PBXFileReference; fileEncoding = 4; lastKnownFileType = sourcecode.c.objc; path = XPathQuery.m; sourceTree = "<group>"; };
		DB1B37F019D62A2900EC5ACF /* libxml2.dylib */ = {isa = PBXFileReference; lastKnownFileType = "compiled.mach-o.dylib"; path = libxml2.dylib; sourceTree = "<group>"; };
		DB1B37F219D62A9900EC5ACF /* Foundation.framework */ = {isa = PBXFileReference; lastKnownFileType = wrapper.framework; name = Foundation.framework; path = System/Library/Frameworks/Foundation.framework; sourceTree = SDKROOT; };
		DB1B37FB19D742AB00EC5ACF /* HTMLParser.swift */ = {isa = PBXFileReference; fileEncoding = 4; lastKnownFileType = sourcecode.swift; path = HTMLParser.swift; sourceTree = "<group>"; };
		DB1B37FD19D742B500EC5ACF /* HTMLNode.swift */ = {isa = PBXFileReference; fileEncoding = 4; lastKnownFileType = sourcecode.swift; path = HTMLNode.swift; sourceTree = "<group>"; };
		DB1B37FF19D742DB00EC5ACF /* Swift-HTML-Parser-Bridging-Header.h */ = {isa = PBXFileReference; lastKnownFileType = sourcecode.c.h; name = "Swift-HTML-Parser-Bridging-Header.h"; path = "Popsicle/Swift-HTML-Parser-Bridging-Header.h"; sourceTree = SOURCE_ROOT; };
/* End PBXFileReference section */

/* Begin PBXFrameworksBuildPhase section */
		CE1F007F19D5C5A000B98BF8 /* Frameworks */ = {
			isa = PBXFrameworksBuildPhase;
			buildActionMask = 2147483647;
			files = (
				DB1B37D819D62A1300EC5ACF /* HTMLParsingFramework.framework in Frameworks */,
			);
			runOnlyForDeploymentPostprocessing = 0;
		};
		CE1F009419D5C5A000B98BF8 /* Frameworks */ = {
			isa = PBXFrameworksBuildPhase;
			buildActionMask = 2147483647;
			files = (
			);
			runOnlyForDeploymentPostprocessing = 0;
		};
		DB1B37C019D62A1200EC5ACF /* Frameworks */ = {
			isa = PBXFrameworksBuildPhase;
			buildActionMask = 2147483647;
			files = (
				DB1B37F319D62A9900EC5ACF /* Foundation.framework in Frameworks */,
				DB1B37F119D62A2900EC5ACF /* libxml2.dylib in Frameworks */,
			);
			runOnlyForDeploymentPostprocessing = 0;
		};
		DB1B37CB19D62A1300EC5ACF /* Frameworks */ = {
			isa = PBXFrameworksBuildPhase;
			buildActionMask = 2147483647;
			files = (
			);
			runOnlyForDeploymentPostprocessing = 0;
		};
/* End PBXFrameworksBuildPhase section */

/* Begin PBXGroup section */
		CE1F007919D5C5A000B98BF8 = {
			isa = PBXGroup;
			children = (
				DB1B37C519D62A1200EC5ACF /* HTMLParsingFramework */,
				DB1B37D119D62A1300EC5ACF /* HTMLParsingFrameworkTests */,
				DB1B37A819D6273D00EC5ACF /* Frameworks */,
				CE1F008419D5C5A000B98BF8 /* Popsicle */,
				CE1F009A19D5C5A000B98BF8 /* PopsicleTests */,
				CE1F008319D5C5A000B98BF8 /* Products */,
			);
			sourceTree = "<group>";
		};
		CE1F008319D5C5A000B98BF8 /* Products */ = {
			isa = PBXGroup;
			children = (
				CE1F008219D5C5A000B98BF8 /* Popsicle.app */,
				CE1F009719D5C5A000B98BF8 /* PopsicleTests.xctest */,
				DB1B37C419D62A1200EC5ACF /* HTMLParsingFramework.framework */,
				DB1B37CE19D62A1300EC5ACF /* HTMLParsingFrameworkTests.xctest */,
			);
			name = Products;
			sourceTree = "<group>";
		};
		CE1F008419D5C5A000B98BF8 /* Popsicle */ = {
			isa = PBXGroup;
			children = (
				CE1F008719D5C5A000B98BF8 /* AppDelegate.swift */,
				CE1F008919D5C5A000B98BF8 /* ViewController.swift */,
				CE1F008B19D5C5A000B98BF8 /* Main.storyboard */,
				CE1F008E19D5C5A000B98BF8 /* Images.xcassets */,
				CE1F009019D5C5A000B98BF8 /* LaunchScreen.xib */,
				CE1F008519D5C5A000B98BF8 /* Supporting Files */,
				DB1B379919D612AD00EC5ACF /* Regex.swift */,
				DB1B37FB19D742AB00EC5ACF /* HTMLParser.swift */,
				DB1B37FD19D742B500EC5ACF /* HTMLNode.swift */,
				DB1B37FF19D742DB00EC5ACF /* Swift-HTML-Parser-Bridging-Header.h */,
			);
			path = Popsicle;
			sourceTree = "<group>";
		};
		CE1F008519D5C5A000B98BF8 /* Supporting Files */ = {
			isa = PBXGroup;
			children = (
				CE1F008619D5C5A000B98BF8 /* Info.plist */,
			);
			name = "Supporting Files";
			sourceTree = "<group>";
		};
		CE1F009A19D5C5A000B98BF8 /* PopsicleTests */ = {
			isa = PBXGroup;
			children = (
				CE1F009D19D5C5A000B98BF8 /* PopsicleTests.swift */,
				CE1F009B19D5C5A000B98BF8 /* Supporting Files */,
			);
			path = PopsicleTests;
			sourceTree = "<group>";
		};
		CE1F009B19D5C5A000B98BF8 /* Supporting Files */ = {
			isa = PBXGroup;
			children = (
				CE1F009C19D5C5A000B98BF8 /* Info.plist */,
			);
			name = "Supporting Files";
			sourceTree = "<group>";
		};
		DB1B37A819D6273D00EC5ACF /* Frameworks */ = {
			isa = PBXGroup;
			children = (
				DB1B37F219D62A9900EC5ACF /* Foundation.framework */,
			);
			name = Frameworks;
			sourceTree = "<group>";
		};
		DB1B37C519D62A1200EC5ACF /* HTMLParsingFramework */ = {
			isa = PBXGroup;
			children = (
				DB1B37C819D62A1200EC5ACF /* HTMLParsingFramework.h */,
				DB1B37F019D62A2900EC5ACF /* libxml2.dylib */,
				DB1B37E919D62A1F00EC5ACF /* hpple */,
				DB1B37C619D62A1200EC5ACF /* Supporting Files */,
			);
			path = HTMLParsingFramework;
			sourceTree = "<group>";
		};
		DB1B37C619D62A1200EC5ACF /* Supporting Files */ = {
			isa = PBXGroup;
			children = (
				DB1B37C719D62A1200EC5ACF /* Info.plist */,
			);
			name = "Supporting Files";
			sourceTree = "<group>";
		};
		DB1B37D119D62A1300EC5ACF /* HTMLParsingFrameworkTests */ = {
			isa = PBXGroup;
			children = (
				DB1B37D419D62A1300EC5ACF /* HTMLParsingFrameworkTests.m */,
				DB1B37D219D62A1300EC5ACF /* Supporting Files */,
			);
			path = HTMLParsingFrameworkTests;
			sourceTree = "<group>";
		};
		DB1B37D219D62A1300EC5ACF /* Supporting Files */ = {
			isa = PBXGroup;
			children = (
				DB1B37D319D62A1300EC5ACF /* Info.plist */,
			);
			name = "Supporting Files";
			sourceTree = "<group>";
		};
		DB1B37E919D62A1F00EC5ACF /* hpple */ = {
			isa = PBXGroup;
			children = (
				DB1B37E319D62A1F00EC5ACF /* TFHpple.h */,
				DB1B37E419D62A1F00EC5ACF /* TFHpple.m */,
				DB1B37E519D62A1F00EC5ACF /* TFHppleElement.h */,
				DB1B37E619D62A1F00EC5ACF /* TFHppleElement.m */,
				DB1B37E719D62A1F00EC5ACF /* XPathQuery.h */,
				DB1B37E819D62A1F00EC5ACF /* XPathQuery.m */,
			);
			name = hpple;
			path = ../../Frameworks/HTMLParsing/HTMLParsing;
			sourceTree = "<group>";
		};
/* End PBXGroup section */

/* Begin PBXHeadersBuildPhase section */
		DB1B37C119D62A1200EC5ACF /* Headers */ = {
			isa = PBXHeadersBuildPhase;
			buildActionMask = 2147483647;
			files = (
				DB1B37EA19D62A1F00EC5ACF /* TFHpple.h in Headers */,
				DB1B37EE19D62A1F00EC5ACF /* XPathQuery.h in Headers */,
				DB1B37C919D62A1200EC5ACF /* HTMLParsingFramework.h in Headers */,
				DB1B37EC19D62A1F00EC5ACF /* TFHppleElement.h in Headers */,
			);
			runOnlyForDeploymentPostprocessing = 0;
		};
/* End PBXHeadersBuildPhase section */

/* Begin PBXNativeTarget section */
		CE1F008119D5C5A000B98BF8 /* Popsicle */ = {
			isa = PBXNativeTarget;
			buildConfigurationList = CE1F00A119D5C5A000B98BF8 /* Build configuration list for PBXNativeTarget "Popsicle" */;
			buildPhases = (
				CE1F007E19D5C5A000B98BF8 /* Sources */,
				CE1F007F19D5C5A000B98BF8 /* Frameworks */,
				CE1F008019D5C5A000B98BF8 /* Resources */,
				DB1B37DF19D62A1300EC5ACF /* Embed Frameworks */,
			);
			buildRules = (
			);
			dependencies = (
				DB1B37D719D62A1300EC5ACF /* PBXTargetDependency */,
				DB1B37DB19D62A1300EC5ACF /* PBXTargetDependency */,
			);
			name = Popsicle;
			productName = Popsicle;
			productReference = CE1F008219D5C5A000B98BF8 /* Popsicle.app */;
			productType = "com.apple.product-type.application";
		};
		CE1F009619D5C5A000B98BF8 /* PopsicleTests */ = {
			isa = PBXNativeTarget;
			buildConfigurationList = CE1F00A419D5C5A000B98BF8 /* Build configuration list for PBXNativeTarget "PopsicleTests" */;
			buildPhases = (
				CE1F009319D5C5A000B98BF8 /* Sources */,
				CE1F009419D5C5A000B98BF8 /* Frameworks */,
				CE1F009519D5C5A000B98BF8 /* Resources */,
			);
			buildRules = (
			);
			dependencies = (
				CE1F009919D5C5A000B98BF8 /* PBXTargetDependency */,
			);
			name = PopsicleTests;
			productName = PopsicleTests;
			productReference = CE1F009719D5C5A000B98BF8 /* PopsicleTests.xctest */;
			productType = "com.apple.product-type.bundle.unit-test";
		};
		DB1B37C319D62A1200EC5ACF /* HTMLParsingFramework */ = {
			isa = PBXNativeTarget;
			buildConfigurationList = DB1B37DC19D62A1300EC5ACF /* Build configuration list for PBXNativeTarget "HTMLParsingFramework" */;
			buildPhases = (
				DB1B37BF19D62A1200EC5ACF /* Sources */,
				DB1B37C019D62A1200EC5ACF /* Frameworks */,
				DB1B37C119D62A1200EC5ACF /* Headers */,
				DB1B37C219D62A1200EC5ACF /* Resources */,
			);
			buildRules = (
			);
			dependencies = (
			);
			name = HTMLParsingFramework;
			productName = HTMLParsingFramework;
			productReference = DB1B37C419D62A1200EC5ACF /* HTMLParsingFramework.framework */;
			productType = "com.apple.product-type.framework";
		};
		DB1B37CD19D62A1300EC5ACF /* HTMLParsingFrameworkTests */ = {
			isa = PBXNativeTarget;
			buildConfigurationList = DB1B37E019D62A1300EC5ACF /* Build configuration list for PBXNativeTarget "HTMLParsingFrameworkTests" */;
			buildPhases = (
				DB1B37CA19D62A1300EC5ACF /* Sources */,
				DB1B37CB19D62A1300EC5ACF /* Frameworks */,
				DB1B37CC19D62A1300EC5ACF /* Resources */,
			);
			buildRules = (
			);
			dependencies = (
				DB1B37D019D62A1300EC5ACF /* PBXTargetDependency */,
			);
			name = HTMLParsingFrameworkTests;
			productName = HTMLParsingFrameworkTests;
			productReference = DB1B37CE19D62A1300EC5ACF /* HTMLParsingFrameworkTests.xctest */;
			productType = "com.apple.product-type.bundle.unit-test";
		};
/* End PBXNativeTarget section */

/* Begin PBXProject section */
		CE1F007A19D5C5A000B98BF8 /* Project object */ = {
			isa = PBXProject;
			attributes = {
				LastUpgradeCheck = 0600;
				ORGANIZATIONNAME = hax;
				TargetAttributes = {
					CE1F008119D5C5A000B98BF8 = {
						CreatedOnToolsVersion = 6.0.1;
					};
					CE1F009619D5C5A000B98BF8 = {
						CreatedOnToolsVersion = 6.0.1;
						TestTargetID = CE1F008119D5C5A000B98BF8;
					};
					DB1B37C319D62A1200EC5ACF = {
						CreatedOnToolsVersion = 6.0.1;
					};
					DB1B37CD19D62A1300EC5ACF = {
						CreatedOnToolsVersion = 6.0.1;
						TestTargetID = CE1F008119D5C5A000B98BF8;
					};
				};
			};
			buildConfigurationList = CE1F007D19D5C5A000B98BF8 /* Build configuration list for PBXProject "Popsicle" */;
			compatibilityVersion = "Xcode 3.2";
			developmentRegion = English;
			hasScannedForEncodings = 0;
			knownRegions = (
				en,
				Base,
			);
			mainGroup = CE1F007919D5C5A000B98BF8;
			productRefGroup = CE1F008319D5C5A000B98BF8 /* Products */;
			projectDirPath = "";
			projectRoot = "";
			targets = (
				CE1F008119D5C5A000B98BF8 /* Popsicle */,
				CE1F009619D5C5A000B98BF8 /* PopsicleTests */,
				DB1B37C319D62A1200EC5ACF /* HTMLParsingFramework */,
				DB1B37CD19D62A1300EC5ACF /* HTMLParsingFrameworkTests */,
			);
		};
/* End PBXProject section */

/* Begin PBXResourcesBuildPhase section */
		CE1F008019D5C5A000B98BF8 /* Resources */ = {
			isa = PBXResourcesBuildPhase;
			buildActionMask = 2147483647;
			files = (
				CE1F008D19D5C5A000B98BF8 /* Main.storyboard in Resources */,
				CE1F009219D5C5A000B98BF8 /* LaunchScreen.xib in Resources */,
				CE1F008F19D5C5A000B98BF8 /* Images.xcassets in Resources */,
			);
			runOnlyForDeploymentPostprocessing = 0;
		};
		CE1F009519D5C5A000B98BF8 /* Resources */ = {
			isa = PBXResourcesBuildPhase;
			buildActionMask = 2147483647;
			files = (
			);
			runOnlyForDeploymentPostprocessing = 0;
		};
		DB1B37C219D62A1200EC5ACF /* Resources */ = {
			isa = PBXResourcesBuildPhase;
			buildActionMask = 2147483647;
			files = (
			);
			runOnlyForDeploymentPostprocessing = 0;
		};
		DB1B37CC19D62A1300EC5ACF /* Resources */ = {
			isa = PBXResourcesBuildPhase;
			buildActionMask = 2147483647;
			files = (
			);
			runOnlyForDeploymentPostprocessing = 0;
		};
/* End PBXResourcesBuildPhase section */

/* Begin PBXSourcesBuildPhase section */
		CE1F007E19D5C5A000B98BF8 /* Sources */ = {
			isa = PBXSourcesBuildPhase;
			buildActionMask = 2147483647;
			files = (
				CE1F008A19D5C5A000B98BF8 /* ViewController.swift in Sources */,
				DB1B37FC19D742AB00EC5ACF /* HTMLParser.swift in Sources */,
				CE1F008819D5C5A000B98BF8 /* AppDelegate.swift in Sources */,
				DB1B37FE19D742B500EC5ACF /* HTMLNode.swift in Sources */,
				DB1B379A19D612AD00EC5ACF /* Regex.swift in Sources */,
			);
			runOnlyForDeploymentPostprocessing = 0;
		};
		CE1F009319D5C5A000B98BF8 /* Sources */ = {
			isa = PBXSourcesBuildPhase;
			buildActionMask = 2147483647;
			files = (
				CE1F009E19D5C5A000B98BF8 /* PopsicleTests.swift in Sources */,
			);
			runOnlyForDeploymentPostprocessing = 0;
		};
		DB1B37BF19D62A1200EC5ACF /* Sources */ = {
			isa = PBXSourcesBuildPhase;
			buildActionMask = 2147483647;
			files = (
				DB1B37ED19D62A1F00EC5ACF /* TFHppleElement.m in Sources */,
				DB1B37EF19D62A1F00EC5ACF /* XPathQuery.m in Sources */,
				DB1B37EB19D62A1F00EC5ACF /* TFHpple.m in Sources */,
			);
			runOnlyForDeploymentPostprocessing = 0;
		};
		DB1B37CA19D62A1300EC5ACF /* Sources */ = {
			isa = PBXSourcesBuildPhase;
			buildActionMask = 2147483647;
			files = (
				DB1B37D519D62A1300EC5ACF /* HTMLParsingFrameworkTests.m in Sources */,
			);
			runOnlyForDeploymentPostprocessing = 0;
		};
/* End PBXSourcesBuildPhase section */

/* Begin PBXTargetDependency section */
		CE1F009919D5C5A000B98BF8 /* PBXTargetDependency */ = {
			isa = PBXTargetDependency;
			target = CE1F008119D5C5A000B98BF8 /* Popsicle */;
			targetProxy = CE1F009819D5C5A000B98BF8 /* PBXContainerItemProxy */;
		};
		DB1B37D019D62A1300EC5ACF /* PBXTargetDependency */ = {
			isa = PBXTargetDependency;
			target = CE1F008119D5C5A000B98BF8 /* Popsicle */;
			targetProxy = DB1B37CF19D62A1300EC5ACF /* PBXContainerItemProxy */;
		};
		DB1B37D719D62A1300EC5ACF /* PBXTargetDependency */ = {
			isa = PBXTargetDependency;
			target = DB1B37C319D62A1200EC5ACF /* HTMLParsingFramework */;
			targetProxy = DB1B37D619D62A1300EC5ACF /* PBXContainerItemProxy */;
		};
		DB1B37DB19D62A1300EC5ACF /* PBXTargetDependency */ = {
			isa = PBXTargetDependency;
			target = DB1B37C319D62A1200EC5ACF /* HTMLParsingFramework */;
			targetProxy = DB1B37DA19D62A1300EC5ACF /* PBXContainerItemProxy */;
		};
/* End PBXTargetDependency section */

/* Begin PBXVariantGroup section */
		CE1F008B19D5C5A000B98BF8 /* Main.storyboard */ = {
			isa = PBXVariantGroup;
			children = (
				CE1F008C19D5C5A000B98BF8 /* Base */,
			);
			name = Main.storyboard;
			sourceTree = "<group>";
		};
		CE1F009019D5C5A000B98BF8 /* LaunchScreen.xib */ = {
			isa = PBXVariantGroup;
			children = (
				CE1F009119D5C5A000B98BF8 /* Base */,
			);
			name = LaunchScreen.xib;
			sourceTree = "<group>";
		};
/* End PBXVariantGroup section */

/* Begin XCBuildConfiguration section */
		CE1F009F19D5C5A000B98BF8 /* Debug */ = {
			isa = XCBuildConfiguration;
			buildSettings = {
				ALWAYS_SEARCH_USER_PATHS = NO;
				CLANG_CXX_LANGUAGE_STANDARD = "gnu++0x";
				CLANG_CXX_LIBRARY = "libc++";
				CLANG_ENABLE_MODULES = YES;
				CLANG_ENABLE_OBJC_ARC = YES;
				CLANG_WARN_BOOL_CONVERSION = YES;
				CLANG_WARN_CONSTANT_CONVERSION = YES;
				CLANG_WARN_DIRECT_OBJC_ISA_USAGE = YES_ERROR;
				CLANG_WARN_EMPTY_BODY = YES;
				CLANG_WARN_ENUM_CONVERSION = YES;
				CLANG_WARN_INT_CONVERSION = YES;
				CLANG_WARN_OBJC_ROOT_CLASS = YES_ERROR;
				CLANG_WARN_UNREACHABLE_CODE = YES;
				CLANG_WARN__DUPLICATE_METHOD_MATCH = YES;
				"CODE_SIGN_IDENTITY[sdk=iphoneos*]" = "iPhone Developer";
				COPY_PHASE_STRIP = NO;
				ENABLE_STRICT_OBJC_MSGSEND = YES;
				GCC_C_LANGUAGE_STANDARD = gnu99;
				GCC_DYNAMIC_NO_PIC = NO;
				GCC_OPTIMIZATION_LEVEL = 0;
				GCC_PREPROCESSOR_DEFINITIONS = (
					"DEBUG=1",
					"$(inherited)",
				);
				GCC_SYMBOLS_PRIVATE_EXTERN = NO;
				GCC_WARN_64_TO_32_BIT_CONVERSION = YES;
				GCC_WARN_ABOUT_RETURN_TYPE = YES_ERROR;
				GCC_WARN_UNDECLARED_SELECTOR = YES;
				GCC_WARN_UNINITIALIZED_AUTOS = YES_AGGRESSIVE;
				GCC_WARN_UNUSED_FUNCTION = YES;
				GCC_WARN_UNUSED_VARIABLE = YES;
				HEADER_SEARCH_PATHS = (
					"$(inherited)",
					/Applications/Xcode.app/Contents/Developer/Toolchains/XcodeDefault.xctoolchain/usr/include,
					"$(SDKROOT)/usr/include/libxml2",
				);
				IPHONEOS_DEPLOYMENT_TARGET = 8.0;
				MTL_ENABLE_DEBUG_INFO = YES;
				ONLY_ACTIVE_ARCH = YES;
				SDKROOT = iphoneos;
				SWIFT_OPTIMIZATION_LEVEL = "-Onone";
				TARGETED_DEVICE_FAMILY = "1,2";
			};
			name = Debug;
		};
		CE1F00A019D5C5A000B98BF8 /* Release */ = {
			isa = XCBuildConfiguration;
			buildSettings = {
				ALWAYS_SEARCH_USER_PATHS = NO;
				CLANG_CXX_LANGUAGE_STANDARD = "gnu++0x";
				CLANG_CXX_LIBRARY = "libc++";
				CLANG_ENABLE_MODULES = YES;
				CLANG_ENABLE_OBJC_ARC = YES;
				CLANG_WARN_BOOL_CONVERSION = YES;
				CLANG_WARN_CONSTANT_CONVERSION = YES;
				CLANG_WARN_DIRECT_OBJC_ISA_USAGE = YES_ERROR;
				CLANG_WARN_EMPTY_BODY = YES;
				CLANG_WARN_ENUM_CONVERSION = YES;
				CLANG_WARN_INT_CONVERSION = YES;
				CLANG_WARN_OBJC_ROOT_CLASS = YES_ERROR;
				CLANG_WARN_UNREACHABLE_CODE = YES;
				CLANG_WARN__DUPLICATE_METHOD_MATCH = YES;
				"CODE_SIGN_IDENTITY[sdk=iphoneos*]" = "iPhone Developer";
				COPY_PHASE_STRIP = YES;
				ENABLE_NS_ASSERTIONS = NO;
				ENABLE_STRICT_OBJC_MSGSEND = YES;
				GCC_C_LANGUAGE_STANDARD = gnu99;
				GCC_WARN_64_TO_32_BIT_CONVERSION = YES;
				GCC_WARN_ABOUT_RETURN_TYPE = YES_ERROR;
				GCC_WARN_UNDECLARED_SELECTOR = YES;
				GCC_WARN_UNINITIALIZED_AUTOS = YES_AGGRESSIVE;
				GCC_WARN_UNUSED_FUNCTION = YES;
				GCC_WARN_UNUSED_VARIABLE = YES;
				HEADER_SEARCH_PATHS = (
					"$(inherited)",
					/Applications/Xcode.app/Contents/Developer/Toolchains/XcodeDefault.xctoolchain/usr/include,
					"$(SDKROOT)/usr/include/libxml2",
				);
				IPHONEOS_DEPLOYMENT_TARGET = 8.0;
				MTL_ENABLE_DEBUG_INFO = NO;
				SDKROOT = iphoneos;
				TARGETED_DEVICE_FAMILY = "1,2";
				VALIDATE_PRODUCT = YES;
			};
			name = Release;
		};
		CE1F00A219D5C5A000B98BF8 /* Debug */ = {
			isa = XCBuildConfiguration;
			buildSettings = {
				ASSETCATALOG_COMPILER_APPICON_NAME = AppIcon;
				HEADER_SEARCH_PATHS = (
					"$(inherited)",
					/Applications/Xcode.app/Contents/Developer/Toolchains/XcodeDefault.xctoolchain/usr/include,
					"$(SDKROOT)/usr/include/libxml2",
					/usr/include/libxml2,
				);
				INFOPLIST_FILE = Popsicle/Info.plist;
				LD_RUNPATH_SEARCH_PATHS = "$(inherited) @executable_path/Frameworks";
				PRODUCT_NAME = "$(TARGET_NAME)";
				SWIFT_OBJC_BRIDGING_HEADER = "Popsicle/Swift-HTML-Parser-Bridging-Header.h";
			};
			name = Debug;
		};
		CE1F00A319D5C5A000B98BF8 /* Release */ = {
			isa = XCBuildConfiguration;
			buildSettings = {
				ASSETCATALOG_COMPILER_APPICON_NAME = AppIcon;
				HEADER_SEARCH_PATHS = (
					"$(inherited)",
					/Applications/Xcode.app/Contents/Developer/Toolchains/XcodeDefault.xctoolchain/usr/include,
					"$(SDKROOT)/usr/include/libxml2",
					/usr/include/libxml2,
				);
				INFOPLIST_FILE = Popsicle/Info.plist;
				LD_RUNPATH_SEARCH_PATHS = "$(inherited) @executable_path/Frameworks";
				PRODUCT_NAME = "$(TARGET_NAME)";
				SWIFT_OBJC_BRIDGING_HEADER = "Popsicle/Swift-HTML-Parser-Bridging-Header.h";
			};
			name = Release;
		};
		CE1F00A519D5C5A000B98BF8 /* Debug */ = {
			isa = XCBuildConfiguration;
			buildSettings = {
				BUNDLE_LOADER = "$(TEST_HOST)";
				FRAMEWORK_SEARCH_PATHS = (
					"$(SDKROOT)/Developer/Library/Frameworks",
					"$(inherited)",
				);
				GCC_PREPROCESSOR_DEFINITIONS = (
					"DEBUG=1",
					"$(inherited)",
				);
				INFOPLIST_FILE = PopsicleTests/Info.plist;
				LD_RUNPATH_SEARCH_PATHS = "$(inherited) @executable_path/Frameworks @loader_path/Frameworks";
				PRODUCT_NAME = "$(TARGET_NAME)";
				TEST_HOST = "$(BUILT_PRODUCTS_DIR)/Popsicle.app/Popsicle";
			};
			name = Debug;
		};
		CE1F00A619D5C5A000B98BF8 /* Release */ = {
			isa = XCBuildConfiguration;
			buildSettings = {
				BUNDLE_LOADER = "$(TEST_HOST)";
				FRAMEWORK_SEARCH_PATHS = (
					"$(SDKROOT)/Developer/Library/Frameworks",
					"$(inherited)",
				);
				INFOPLIST_FILE = PopsicleTests/Info.plist;
				LD_RUNPATH_SEARCH_PATHS = "$(inherited) @executable_path/Frameworks @loader_path/Frameworks";
				PRODUCT_NAME = "$(TARGET_NAME)";
				TEST_HOST = "$(BUILT_PRODUCTS_DIR)/Popsicle.app/Popsicle";
			};
			name = Release;
		};
		DB1B37DD19D62A1300EC5ACF /* Debug */ = {
			isa = XCBuildConfiguration;
			buildSettings = {
				CLANG_ENABLE_MODULES = YES;
				CURRENT_PROJECT_VERSION = 1;
				DEFINES_MODULE = YES;
				DYLIB_COMPATIBILITY_VERSION = 1;
				DYLIB_CURRENT_VERSION = 1;
				DYLIB_INSTALL_NAME_BASE = "@rpath";
				GCC_PREPROCESSOR_DEFINITIONS = (
					"DEBUG=1",
					"$(inherited)",
				);
				HEADER_SEARCH_PATHS = (
					"$(inherited)",
					/Applications/Xcode.app/Contents/Developer/Toolchains/XcodeDefault.xctoolchain/usr/include,
					"$(SDKROOT)/usr/include/libxml2",
				);
				INFOPLIST_FILE = HTMLParsingFramework/Info.plist;
				INSTALL_PATH = "$(LOCAL_LIBRARY_DIR)/Frameworks";
				LD_RUNPATH_SEARCH_PATHS = "$(inherited) @executable_path/Frameworks @loader_path/Frameworks";
				LIBRARY_SEARCH_PATHS = (
					"$(inherited)",
					"$(PROJECT_DIR)/HTMLParsingFramework",
				);
				PRODUCT_NAME = "$(TARGET_NAME)";
				SKIP_INSTALL = YES;
				SWIFT_OBJC_BRIDGING_HEADER = "";
				SWIFT_OPTIMIZATION_LEVEL = "-Onone";
				VERSIONING_SYSTEM = "apple-generic";
				VERSION_INFO_PREFIX = "";
			};
			name = Debug;
		};
		DB1B37DE19D62A1300EC5ACF /* Release */ = {
			isa = XCBuildConfiguration;
			buildSettings = {
				CLANG_ENABLE_MODULES = YES;
				CURRENT_PROJECT_VERSION = 1;
				DEFINES_MODULE = YES;
				DYLIB_COMPATIBILITY_VERSION = 1;
				DYLIB_CURRENT_VERSION = 1;
				DYLIB_INSTALL_NAME_BASE = "@rpath";
				HEADER_SEARCH_PATHS = (
					"$(inherited)",
					/Applications/Xcode.app/Contents/Developer/Toolchains/XcodeDefault.xctoolchain/usr/include,
					"$(SDKROOT)/usr/include/libxml2",
				);
				INFOPLIST_FILE = HTMLParsingFramework/Info.plist;
				INSTALL_PATH = "$(LOCAL_LIBRARY_DIR)/Frameworks";
				LD_RUNPATH_SEARCH_PATHS = "$(inherited) @executable_path/Frameworks @loader_path/Frameworks";
				LIBRARY_SEARCH_PATHS = (
					"$(inherited)",
					"$(PROJECT_DIR)/HTMLParsingFramework",
				);
				PRODUCT_NAME = "$(TARGET_NAME)";
				SKIP_INSTALL = YES;
				SWIFT_OBJC_BRIDGING_HEADER = "";
				VERSIONING_SYSTEM = "apple-generic";
				VERSION_INFO_PREFIX = "";
			};
			name = Release;
		};
		DB1B37E119D62A1300EC5ACF /* Debug */ = {
			isa = XCBuildConfiguration;
			buildSettings = {
				FRAMEWORK_SEARCH_PATHS = (
					"$(SDKROOT)/Developer/Library/Frameworks",
					"$(inherited)",
				);
				GCC_PREPROCESSOR_DEFINITIONS = (
					"DEBUG=1",
					"$(inherited)",
				);
				INFOPLIST_FILE = HTMLParsingFrameworkTests/Info.plist;
				LD_RUNPATH_SEARCH_PATHS = "$(inherited) @executable_path/Frameworks @loader_path/Frameworks";
				PRODUCT_NAME = "$(TARGET_NAME)";
				TEST_HOST = "$(BUILT_PRODUCTS_DIR)/Popsicle.app/Popsicle";
			};
			name = Debug;
		};
		DB1B37E219D62A1300EC5ACF /* Release */ = {
			isa = XCBuildConfiguration;
			buildSettings = {
				FRAMEWORK_SEARCH_PATHS = (
					"$(SDKROOT)/Developer/Library/Frameworks",
					"$(inherited)",
				);
				INFOPLIST_FILE = HTMLParsingFrameworkTests/Info.plist;
				LD_RUNPATH_SEARCH_PATHS = "$(inherited) @executable_path/Frameworks @loader_path/Frameworks";
				PRODUCT_NAME = "$(TARGET_NAME)";
				TEST_HOST = "$(BUILT_PRODUCTS_DIR)/Popsicle.app/Popsicle";
			};
			name = Release;
		};
/* End XCBuildConfiguration section */

/* Begin XCConfigurationList section */
		CE1F007D19D5C5A000B98BF8 /* Build configuration list for PBXProject "Popsicle" */ = {
			isa = XCConfigurationList;
			buildConfigurations = (
				CE1F009F19D5C5A000B98BF8 /* Debug */,
				CE1F00A019D5C5A000B98BF8 /* Release */,
			);
			defaultConfigurationIsVisible = 0;
			defaultConfigurationName = Release;
		};
		CE1F00A119D5C5A000B98BF8 /* Build configuration list for PBXNativeTarget "Popsicle" */ = {
			isa = XCConfigurationList;
			buildConfigurations = (
				CE1F00A219D5C5A000B98BF8 /* Debug */,
				CE1F00A319D5C5A000B98BF8 /* Release */,
			);
			defaultConfigurationIsVisible = 0;
			defaultConfigurationName = Release;
		};
		CE1F00A419D5C5A000B98BF8 /* Build configuration list for PBXNativeTarget "PopsicleTests" */ = {
			isa = XCConfigurationList;
			buildConfigurations = (
				CE1F00A519D5C5A000B98BF8 /* Debug */,
				CE1F00A619D5C5A000B98BF8 /* Release */,
			);
			defaultConfigurationIsVisible = 0;
			defaultConfigurationName = Release;
		};
		DB1B37DC19D62A1300EC5ACF /* Build configuration list for PBXNativeTarget "HTMLParsingFramework" */ = {
			isa = XCConfigurationList;
			buildConfigurations = (
				DB1B37DD19D62A1300EC5ACF /* Debug */,
				DB1B37DE19D62A1300EC5ACF /* Release */,
			);
			defaultConfigurationIsVisible = 0;
		};
		DB1B37E019D62A1300EC5ACF /* Build configuration list for PBXNativeTarget "HTMLParsingFrameworkTests" */ = {
			isa = XCConfigurationList;
			buildConfigurations = (
				DB1B37E119D62A1300EC5ACF /* Debug */,
				DB1B37E219D62A1300EC5ACF /* Release */,
			);
			defaultConfigurationIsVisible = 0;
		};
/* End XCConfigurationList section */
	};
	rootObject = CE1F007A19D5C5A000B98BF8 /* Project object */;
}
